
Microsoft Visual Studio Solution File, Format Version 12.00
Project("{FAE04EC0-301F-11D3-BF4B-00C04F79EFBC}") = "MessengerLibrary", "MessengerLibrary\MessengerLibrary.csproj", "{6029A470-47DB-4653-B7BE-0F230F6ADFB7}"
EndProject
Project("{FAE04EC0-301F-11D3-BF4B-00C04F79EFBC}") = "WebServer", "WebServer\WebServer.csproj", "{F4EEA44E-ECD0-4518-9547-97C2980524F9}"
EndProject
Project("{FAE04EC0-301F-11D3-BF4B-00C04F79EFBC}") = "Client", "Client\Client.csproj", "{D49601E2-5823-4E6E-9597-AA673514DBA6}"
EndProject
Global
	GlobalSection(SolutionConfigurationPlatforms) = preSolution
		Debug|Any CPU = Debug|Any CPU
		Release|Any CPU = Release|Any CPU
	EndGlobalSection
	GlobalSection(ProjectConfigurationPlatforms) = postSolution
		{6029A470-47DB-4653-B7BE-0F230F6ADFB7}.Debug|Any CPU.ActiveCfg = Debug|Any CPU
		{6029A470-47DB-4653-B7BE-0F230F6ADFB7}.Debug|Any CPU.Build.0 = Debug|Any CPU
		{6029A470-47DB-4653-B7BE-0F230F6ADFB7}.Release|Any CPU.ActiveCfg = Release|Any CPU
		{6029A470-47DB-4653-B7BE-0F230F6ADFB7}.Release|Any CPU.Build.0 = Release|Any CPU
		{F4EEA44E-ECD0-4518-9547-97C2980524F9}.Debug|Any CPU.ActiveCfg = Debug|Any CPU
		{F4EEA44E-ECD0-4518-9547-97C2980524F9}.Debug|Any CPU.Build.0 = Debug|Any CPU
		{F4EEA44E-ECD0-4518-9547-97C2980524F9}.Release|Any CPU.ActiveCfg = Release|Any CPU
		{F4EEA44E-ECD0-4518-9547-97C2980524F9}.Release|Any CPU.Build.0 = Release|Any CPU
		{D49601E2-5823-4E6E-9597-AA673514DBA6}.Debug|Any CPU.ActiveCfg = Debug|Any CPU
		{D49601E2-5823-4E6E-9597-AA673514DBA6}.Debug|Any CPU.Build.0 = Debug|Any CPU
		{D49601E2-5823-4E6E-9597-AA673514DBA6}.Release|Any CPU.ActiveCfg = Release|Any CPU
		{D49601E2-5823-4E6E-9597-AA673514DBA6}.Release|Any CPU.Build.0 = Release|Any CPU
	EndGlobalSection
EndGlobal
